
Microsoft Visual Studio Solution File, Format Version 12.00
# Visual Studio Version 17
VisualStudioVersion = 17.12.35527.113
MinimumVisualStudioVersion = 10.0.40219.1
Project("{FAE04EC0-301F-11D3-BF4B-00C04F79EFBC}") = "TicTacToe", "TicTacToe.csproj", "{DEC913D2-8025-466A-8241-A093388F89EF}"
EndProject
Global
	GlobalSection(SolutionConfigurationPlatforms) = preSolution
		Debug|Any CPU = Debug|Any CPU
		Release|Any CPU = Release|Any CPU
	EndGlobalSection
	GlobalSection(ProjectConfigurationPlatforms) = postSolution
		{DEC913D2-8025-466A-8241-A093388F89EF}.Debug|Any CPU.ActiveCfg = Debug|Any CPU
		{DEC913D2-8025-466A-8241-A093388F89EF}.Debug|Any CPU.Build.0 = Debug|Any CPU
		{DEC913D2-8025-466A-8241-A093388F89EF}.Release|Any CPU.ActiveCfg = Release|Any CPU
		{DEC913D2-8025-466A-8241-A093388F89EF}.Release|Any CPU.Build.0 = Release|Any CPU
	EndGlobalSection
	GlobalSection(SolutionProperties) = preSolution
		HideSolutionNode = FALSE
	EndGlobalSection
EndGlobal
